
Microsoft Visual Studio Solution File, Format Version 12.00
# Visual Studio Version 17
VisualStudioVersion = 17.2.32602.215
MinimumVisualStudioVersion = 10.0.40219.1
Project("{9A19103F-16F7-4668-BE54-9A1E7A4F7556}") = "1. Custom Substring", "1. Custom Substring\1. Custom Substring.csproj", "{467CE7B9-C6DA-41DD-BA5F-72FA1778D3F8}"
EndProject
Project("{9A19103F-16F7-4668-BE54-9A1E7A4F7556}") = "2. Custom MinMaxSumAvg", "2. Custom MinMaxSumAvg\2. Custom MinMaxSumAvg.csproj", "{E162E138-BB1B-462B-AD7B-9A0E498091DA}"
EndProject
Project("{FAE04EC0-301F-11D3-BF4B-00C04F79EFBC}") = "3. Order By Name", "3. Order By Name\3. Order By Name.csproj", "{6DFF72C4-96E7-4C6F-A1E9-17BC13AE41D0}"
EndProject
Project("{FAE04EC0-301F-11D3-BF4B-00C04F79EFBC}") = "4. Filter Students In Age Range", "4. Filter Students In Age Range\4. Filter Students In Age Range.csproj", "{689537B6-3E33-4188-8624-1CC017077FFD}"
EndProject
Project("{FAE04EC0-301F-11D3-BF4B-00C04F79EFBC}") = "5. Filter Students", "5. Filter Students\5. Filter Students.csproj", "{2ABFB5CF-3DC3-4FE3-968A-8C5564444886}"
EndProject
Project("{FAE04EC0-301F-11D3-BF4B-00C04F79EFBC}") = "6. Numbers Divisible by 3 and 7", "6. Numbers Divisible by 3 and 7\6. Numbers Divisible by 3 and 7.csproj", "{18697191-1F2C-45D1-931A-CAC5A3E92329}"
EndProject
Project("{FAE04EC0-301F-11D3-BF4B-00C04F79EFBC}") = "7. Capitalizes First Letter", "7. Capitalizes All Letters\7. Capitalizes First Letter.csproj", "{7A5E1AFB-5DE1-4B47-BCCA-1C53C6996EE9}"
EndProject
Global
	GlobalSection(SolutionConfigurationPlatforms) = preSolution
		Debug|Any CPU = Debug|Any CPU
		Release|Any CPU = Release|Any CPU
	EndGlobalSection
	GlobalSection(ProjectConfigurationPlatforms) = postSolution
		{467CE7B9-C6DA-41DD-BA5F-72FA1778D3F8}.Debug|Any CPU.ActiveCfg = Debug|Any CPU
		{467CE7B9-C6DA-41DD-BA5F-72FA1778D3F8}.Debug|Any CPU.Build.0 = Debug|Any CPU
		{467CE7B9-C6DA-41DD-BA5F-72FA1778D3F8}.Release|Any CPU.ActiveCfg = Release|Any CPU
		{467CE7B9-C6DA-41DD-BA5F-72FA1778D3F8}.Release|Any CPU.Build.0 = Release|Any CPU
		{E162E138-BB1B-462B-AD7B-9A0E498091DA}.Debug|Any CPU.ActiveCfg = Debug|Any CPU
		{E162E138-BB1B-462B-AD7B-9A0E498091DA}.Debug|Any CPU.Build.0 = Debug|Any CPU
		{E162E138-BB1B-462B-AD7B-9A0E498091DA}.Release|Any CPU.ActiveCfg = Release|Any CPU
		{E162E138-BB1B-462B-AD7B-9A0E498091DA}.Release|Any CPU.Build.0 = Release|Any CPU
		{6DFF72C4-96E7-4C6F-A1E9-17BC13AE41D0}.Debug|Any CPU.ActiveCfg = Debug|Any CPU
		{6DFF72C4-96E7-4C6F-A1E9-17BC13AE41D0}.Debug|Any CPU.Build.0 = Debug|Any CPU
		{6DFF72C4-96E7-4C6F-A1E9-17BC13AE41D0}.Release|Any CPU.ActiveCfg = Release|Any CPU
		{6DFF72C4-96E7-4C6F-A1E9-17BC13AE41D0}.Release|Any CPU.Build.0 = Release|Any CPU
		{689537B6-3E33-4188-8624-1CC017077FFD}.Debug|Any CPU.ActiveCfg = Debug|Any CPU
		{689537B6-3E33-4188-8624-1CC017077FFD}.Debug|Any CPU.Build.0 = Debug|Any CPU
		{689537B6-3E33-4188-8624-1CC017077FFD}.Release|Any CPU.ActiveCfg = Release|Any CPU
		{689537B6-3E33-4188-8624-1CC017077FFD}.Release|Any CPU.Build.0 = Release|Any CPU
		{2ABFB5CF-3DC3-4FE3-968A-8C5564444886}.Debug|Any CPU.ActiveCfg = Debug|Any CPU
		{2ABFB5CF-3DC3-4FE3-968A-8C5564444886}.Debug|Any CPU.Build.0 = Debug|Any CPU
		{2ABFB5CF-3DC3-4FE3-968A-8C5564444886}.Release|Any CPU.ActiveCfg = Release|Any CPU
		{2ABFB5CF-3DC3-4FE3-968A-8C5564444886}.Release|Any CPU.Build.0 = Release|Any CPU
		{18697191-1F2C-45D1-931A-CAC5A3E92329}.Debug|Any CPU.ActiveCfg = Debug|Any CPU
		{18697191-1F2C-45D1-931A-CAC5A3E92329}.Debug|Any CPU.Build.0 = Debug|Any CPU
		{18697191-1F2C-45D1-931A-CAC5A3E92329}.Release|Any CPU.ActiveCfg = Release|Any CPU
		{18697191-1F2C-45D1-931A-CAC5A3E92329}.Release|Any CPU.Build.0 = Release|Any CPU
		{7A5E1AFB-5DE1-4B47-BCCA-1C53C6996EE9}.Debug|Any CPU.ActiveCfg = Debug|Any CPU
		{7A5E1AFB-5DE1-4B47-BCCA-1C53C6996EE9}.Debug|Any CPU.Build.0 = Debug|Any CPU
		{7A5E1AFB-5DE1-4B47-BCCA-1C53C6996EE9}.Release|Any CPU.ActiveCfg = Release|Any CPU
		{7A5E1AFB-5DE1-4B47-BCCA-1C53C6996EE9}.Release|Any CPU.Build.0 = Release|Any CPU
	EndGlobalSection
	GlobalSection(SolutionProperties) = preSolution
		HideSolutionNode = FALSE
	EndGlobalSection
	GlobalSection(ExtensibilityGlobals) = postSolution
		SolutionGuid = {1581CAC0-7229-4B06-87B8-F311FC711EA4}
	EndGlobalSection
EndGlobal
